// !$*UTF8*$!
{
	archiveVersion = 1;
	classes = {
	};
	objectVersion = 77;
	objects = {

/* Begin PBXBuildFile section */
		9BEE5DE82DC4F78100FF402B /* Alamofire in Frameworks */ = {isa = PBXBuildFile; productRef = 9BEE5DE72DC4F78100FF402B /* Alamofire */; };
/* End PBXBuildFile section */

/* Begin PBXContainerItemProxy section */
		9B61AF852DBDBE9B006B36BC /* PBXContainerItemProxy */ = {
			isa = PBXContainerItemProxy;
			containerPortal = 9B61AF6C2DBDBE98006B36BC /* Project object */;
			proxyType = 1;
			remoteGlobalIDString = 9B61AF732DBDBE98006B36BC;
			remoteInfo = HackChallenge;
		};
		9B61AF8F2DBDBE9B006B36BC /* PBXContainerItemProxy */ = {
			isa = PBXContainerItemProxy;
			containerPortal = 9B61AF6C2DBDBE98006B36BC /* Project object */;
			proxyType = 1;
			remoteGlobalIDString = 9B61AF732DBDBE98006B36BC;
			remoteInfo = HackChallenge;
		};
/* End PBXContainerItemProxy section */

/* Begin PBXFileReference section */
		9B61AF742DBDBE99006B36BC /* HackChallenge.app */ = {isa = PBXFileReference; explicitFileType = wrapper.application; includeInIndex = 0; path = HackChallenge.app; sourceTree = BUILT_PRODUCTS_DIR; };
		9B61AF842DBDBE9B006B36BC /* HackChallengeTests.xctest */ = {isa = PBXFileReference; explicitFileType = wrapper.cfbundle; includeInIndex = 0; path = HackChallengeTests.xctest; sourceTree = BUILT_PRODUCTS_DIR; };
		9B61AF8E2DBDBE9B006B36BC /* HackChallengeUITests.xctest */ = {isa = PBXFileReference; explicitFileType = wrapper.cfbundle; includeInIndex = 0; path = HackChallengeUITests.xctest; sourceTree = BUILT_PRODUCTS_DIR; };
/* End PBXFileReference section */

/* Begin PBXFileSystemSynchronizedRootGroup section */
		9B61AF762DBDBE99006B36BC /* HackChallenge */ = {
			isa = PBXFileSystemSynchronizedRootGroup;
			path = HackChallenge;
			sourceTree = "<group>";
		};
		9B61AF872DBDBE9B006B36BC /* HackChallengeTests */ = {
			isa = PBXFileSystemSynchronizedRootGroup;
			path = HackChallengeTests;
			sourceTree = "<group>";
		};
		9B61AF912DBDBE9B006B36BC /* HackChallengeUITests */ = {
			isa = PBXFileSystemSynchronizedRootGroup;
			path = HackChallengeUITests;
			sourceTree = "<group>";
		};
/* End PBXFileSystemSynchronizedRootGroup section */

/* Begin PBXFrameworksBuildPhase section */
		9B61AF712DBDBE98006B36BC /* Frameworks */ = {
			isa = PBXFrameworksBuildPhase;
			buildActionMask = 2147483647;
			files = (
				9BEE5DE82DC4F78100FF402B /* Alamofire in Frameworks */,
			);
			runOnlyForDeploymentPostprocessing = 0;
		};
		9B61AF812DBDBE9B006B36BC /* Frameworks */ = {
			isa = PBXFrameworksBuildPhase;
			buildActionMask = 2147483647;
			files = (
			);
			runOnlyForDeploymentPostprocessing = 0;
		};
		9B61AF8B2DBDBE9B006B36BC /* Frameworks */ = {
			isa = PBXFrameworksBuildPhase;
			buildActionMask = 2147483647;
			files = (
			);
			runOnlyForDeploymentPostprocessing = 0;
		};
/* End PBXFrameworksBuildPhase section */

/* Begin PBXGroup section */
		9B61AF6B2DBDBE98006B36BC = {
			isa = PBXGroup;
			children = (
				9B61AF762DBDBE99006B36BC /* HackChallenge */,
				9B61AF872DBDBE9B006B36BC /* HackChallengeTests */,
				9B61AF912DBDBE9B006B36BC /* HackChallengeUITests */,
				9BEE5DE62DC4F78100FF402B /* Frameworks */,
				9B61AF752DBDBE99006B36BC /* Products */,
			);
			sourceTree = "<group>";
		};
		9B61AF752DBDBE99006B36BC /* Products */ = {
			isa = PBXGroup;
			children = (
				9B61AF742DBDBE99006B36BC /* HackChallenge.app */,
				9B61AF842DBDBE9B006B36BC /* HackChallengeTests.xctest */,
				9B61AF8E2DBDBE9B006B36BC /* HackChallengeUITests.xctest */,
			);
			name = Products;
			sourceTree = "<group>";
		};
		9BEE5DE62DC4F78100FF402B /* Frameworks */ = {
			isa = PBXGroup;
			children = (
			);
			name = Frameworks;
			sourceTree = "<group>";
		};
/* End PBXGroup section */

/* Begin PBXNativeTarget section */
		9B61AF732DBDBE98006B36BC /* HackChallenge */ = {
			isa = PBXNativeTarget;
			buildConfigurationList = 9B61AF982DBDBE9B006B36BC /* Build configuration list for PBXNativeTarget "HackChallenge" */;
			buildPhases = (
				9B61AF702DBDBE98006B36BC /* Sources */,
				9B61AF712DBDBE98006B36BC /* Frameworks */,
				9B61AF722DBDBE98006B36BC /* Resources */,
			);
			buildRules = (
			);
			dependencies = (
			);
			fileSystemSynchronizedGroups = (
				9B61AF762DBDBE99006B36BC /* HackChallenge */,
			);
			name = HackChallenge;
			packageProductDependencies = (
				9BEE5DE72DC4F78100FF402B /* Alamofire */,
			);
			productName = HackChallenge;
			productReference = 9B61AF742DBDBE99006B36BC /* HackChallenge.app */;
			productType = "com.apple.product-type.application";
		};
		9B61AF832DBDBE9B006B36BC /* HackChallengeTests */ = {
			isa = PBXNativeTarget;
			buildConfigurationList = 9B61AF9B2DBDBE9B006B36BC /* Build configuration list for PBXNativeTarget "HackChallengeTests" */;
			buildPhases = (
				9B61AF802DBDBE9B006B36BC /* Sources */,
				9B61AF812DBDBE9B006B36BC /* Frameworks */,
				9B61AF822DBDBE9B006B36BC /* Resources */,
			);
			buildRules = (
			);
			dependencies = (
				9B61AF862DBDBE9B006B36BC /* PBXTargetDependency */,
			);
			fileSystemSynchronizedGroups = (
				9B61AF872DBDBE9B006B36BC /* HackChallengeTests */,
			);
			name = HackChallengeTests;
			packageProductDependencies = (
			);
			productName = HackChallengeTests;
			productReference = 9B61AF842DBDBE9B006B36BC /* HackChallengeTests.xctest */;
			productType = "com.apple.product-type.bundle.unit-test";
		};
		9B61AF8D2DBDBE9B006B36BC /* HackChallengeUITests */ = {
			isa = PBXNativeTarget;
			buildConfigurationList = 9B61AF9E2DBDBE9B006B36BC /* Build configuration list for PBXNativeTarget "HackChallengeUITests" */;
			buildPhases = (
				9B61AF8A2DBDBE9B006B36BC /* Sources */,
				9B61AF8B2DBDBE9B006B36BC /* Frameworks */,
				9B61AF8C2DBDBE9B006B36BC /* Resources */,
			);
			buildRules = (
			);
			dependencies = (
				9B61AF902DBDBE9B006B36BC /* PBXTargetDependency */,
			);
			fileSystemSynchronizedGroups = (
				9B61AF912DBDBE9B006B36BC /* HackChallengeUITests */,
			);
			name = HackChallengeUITests;
			packageProductDependencies = (
			);
			productName = HackChallengeUITests;
			productReference = 9B61AF8E2DBDBE9B006B36BC /* HackChallengeUITests.xctest */;
			productType = "com.apple.product-type.bundle.ui-testing";
		};
/* End PBXNativeTarget section */

/* Begin PBXProject section */
		9B61AF6C2DBDBE98006B36BC /* Project object */ = {
			isa = PBXProject;
			attributes = {
				BuildIndependentTargetsInParallel = 1;
				LastSwiftUpdateCheck = 1620;
				LastUpgradeCheck = 1620;
				TargetAttributes = {
					9B61AF732DBDBE98006B36BC = {
						CreatedOnToolsVersion = 16.2;
					};
					9B61AF832DBDBE9B006B36BC = {
						CreatedOnToolsVersion = 16.2;
						TestTargetID = 9B61AF732DBDBE98006B36BC;
					};
					9B61AF8D2DBDBE9B006B36BC = {
						CreatedOnToolsVersion = 16.2;
						TestTargetID = 9B61AF732DBDBE98006B36BC;
					};
				};
			};
			buildConfigurationList = 9B61AF6F2DBDBE98006B36BC /* Build configuration list for PBXProject "HackChallenge" */;
			developmentRegion = en;
			hasScannedForEncodings = 0;
			knownRegions = (
				en,
				Base,
			);
			mainGroup = 9B61AF6B2DBDBE98006B36BC;
			minimizedProjectReferenceProxies = 1;
			packageReferences = (
				9BEE5DE52DC4F75600FF402B /* XCRemoteSwiftPackageReference "Alamofire" */,
			);
			preferredProjectObjectVersion = 77;
			productRefGroup = 9B61AF752DBDBE99006B36BC /* Products */;
			projectDirPath = "";
			projectRoot = "";
			targets = (
				9B61AF732DBDBE98006B36BC /* HackChallenge */,
				9B61AF832DBDBE9B006B36BC /* HackChallengeTests */,
				9B61AF8D2DBDBE9B006B36BC /* HackChallengeUITests */,
			);
		};
/* End PBXProject section */

/* Begin PBXResourcesBuildPhase section */
		9B61AF722DBDBE98006B36BC /* Resources */ = {
			isa = PBXResourcesBuildPhase;
			buildActionMask = 2147483647;
			files = (
			);
			runOnlyForDeploymentPostprocessing = 0;
		};
		9B61AF822DBDBE9B006B36BC /* Resources */ = {
			isa = PBXResourcesBuildPhase;
			buildActionMask = 2147483647;
			files = (
			);
			runOnlyForDeploymentPostprocessing = 0;
		};
		9B61AF8C2DBDBE9B006B36BC /* Resources */ = {
			isa = PBXResourcesBuildPhase;
			buildActionMask = 2147483647;
			files = (
			);
			runOnlyForDeploymentPostprocessing = 0;
		};
/* End PBXResourcesBuildPhase section */

/* Begin PBXSourcesBuildPhase section */
		9B61AF702DBDBE98006B36BC /* Sources */ = {
			isa = PBXSourcesBuildPhase;
			buildActionMask = 2147483647;
			files = (
			);
			runOnlyForDeploymentPostprocessing = 0;
		};
		9B61AF802DBDBE9B006B36BC /* Sources */ = {
			isa = PBXSourcesBuildPhase;
			buildActionMask = 2147483647;
			files = (
			);
			runOnlyForDeploymentPostprocessing = 0;
		};
		9B61AF8A2DBDBE9B006B36BC /* Sources */ = {
			isa = PBXSourcesBuildPhase;
			buildActionMask = 2147483647;
			files = (
			);
			runOnlyForDeploymentPostprocessing = 0;
		};
/* End PBXSourcesBuildPhase section */

/* Begin PBXTargetDependency section */
		9B61AF862DBDBE9B006B36BC /* PBXTargetDependency */ = {
			isa = PBXTargetDependency;
			target = 9B61AF732DBDBE98006B36BC /* HackChallenge */;
			targetProxy = 9B61AF852DBDBE9B006B36BC /* PBXContainerItemProxy */;
		};
		9B61AF902DBDBE9B006B36BC /* PBXTargetDependency */ = {
			isa = PBXTargetDependency;
			target = 9B61AF732DBDBE98006B36BC /* HackChallenge */;
			targetProxy = 9B61AF8F2DBDBE9B006B36BC /* PBXContainerItemProxy */;
		};
/* End PBXTargetDependency section */

/* Begin XCBuildConfiguration section */
		9B61AF962DBDBE9B006B36BC /* Debug */ = {
			isa = XCBuildConfiguration;
			buildSettings = {
				ALWAYS_SEARCH_USER_PATHS = NO;
				ASSETCATALOG_COMPILER_GENERATE_SWIFT_ASSET_SYMBOL_EXTENSIONS = YES;
				CLANG_ANALYZER_NONNULL = YES;
				CLANG_ANALYZER_NUMBER_OBJECT_CONVERSION = YES_AGGRESSIVE;
				CLANG_CXX_LANGUAGE_STANDARD = "gnu++20";
				CLANG_ENABLE_MODULES = YES;
				CLANG_ENABLE_OBJC_ARC = YES;
				CLANG_ENABLE_OBJC_WEAK = YES;
				CLANG_WARN_BLOCK_CAPTURE_AUTORELEASING = YES;
				CLANG_WARN_BOOL_CONVERSION = YES;
				CLANG_WARN_COMMA = YES;
				CLANG_WARN_CONSTANT_CONVERSION = YES;
				CLANG_WARN_DEPRECATED_OBJC_IMPLEMENTATIONS = YES;
				CLANG_WARN_DIRECT_OBJC_ISA_USAGE = YES_ERROR;
				CLANG_WARN_DOCUMENTATION_COMMENTS = YES;
				CLANG_WARN_EMPTY_BODY = YES;
				CLANG_WARN_ENUM_CONVERSION = YES;
				CLANG_WARN_INFINITE_RECURSION = YES;
				CLANG_WARN_INT_CONVERSION = YES;
				CLANG_WARN_NON_LITERAL_NULL_CONVERSION = YES;
				CLANG_WARN_OBJC_IMPLICIT_RETAIN_SELF = YES;
				CLANG_WARN_OBJC_LITERAL_CONVERSION = YES;
				CLANG_WARN_OBJC_ROOT_CLASS = YES_ERROR;
				CLANG_WARN_QUOTED_INCLUDE_IN_FRAMEWORK_HEADER = YES;
				CLANG_WARN_RANGE_LOOP_ANALYSIS = YES;
				CLANG_WARN_STRICT_PROTOTYPES = YES;
				CLANG_WARN_SUSPICIOUS_MOVE = YES;
				CLANG_WARN_UNGUARDED_AVAILABILITY = YES_AGGRESSIVE;
				CLANG_WARN_UNREACHABLE_CODE = YES;
				CLANG_WARN__DUPLICATE_METHOD_MATCH = YES;
				COPY_PHASE_STRIP = NO;
				DEBUG_INFORMATION_FORMAT = dwarf;
				ENABLE_STRICT_OBJC_MSGSEND = YES;
				ENABLE_TESTABILITY = YES;
				ENABLE_USER_SCRIPT_SANDBOXING = YES;
				GCC_C_LANGUAGE_STANDARD = gnu17;
				GCC_DYNAMIC_NO_PIC = NO;
				GCC_NO_COMMON_BLOCKS = YES;
				GCC_OPTIMIZATION_LEVEL = 0;
				GCC_PREPROCESSOR_DEFINITIONS = (
					"DEBUG=1",
					"$(inherited)",
				);
				GCC_WARN_64_TO_32_BIT_CONVERSION = YES;
				GCC_WARN_ABOUT_RETURN_TYPE = YES_ERROR;
				GCC_WARN_UNDECLARED_SELECTOR = YES;
				GCC_WARN_UNINITIALIZED_AUTOS = YES_AGGRESSIVE;
				GCC_WARN_UNUSED_FUNCTION = YES;
				GCC_WARN_UNUSED_VARIABLE = YES;
				IPHONEOS_DEPLOYMENT_TARGET = 18.2;
				LOCALIZATION_PREFERS_STRING_CATALOGS = YES;
				MTL_ENABLE_DEBUG_INFO = INCLUDE_SOURCE;
				MTL_FAST_MATH = YES;
				ONLY_ACTIVE_ARCH = YES;
				SDKROOT = iphoneos;
				SWIFT_ACTIVE_COMPILATION_CONDITIONS = "DEBUG $(inherited)";
				SWIFT_OPTIMIZATION_LEVEL = "-Onone";
			};
			name = Debug;
		};
		9B61AF972DBDBE9B006B36BC /* Release */ = {
			isa = XCBuildConfiguration;
			buildSettings = {
				ALWAYS_SEARCH_USER_PATHS = NO;
				ASSETCATALOG_COMPILER_GENERATE_SWIFT_ASSET_SYMBOL_EXTENSIONS = YES;
				CLANG_ANALYZER_NONNULL = YES;
				CLANG_ANALYZER_NUMBER_OBJECT_CONVERSION = YES_AGGRESSIVE;
				CLANG_CXX_LANGUAGE_STANDARD = "gnu++20";
				CLANG_ENABLE_MODULES = YES;
				CLANG_ENABLE_OBJC_ARC = YES;
				CLANG_ENABLE_OBJC_WEAK = YES;
				CLANG_WARN_BLOCK_CAPTURE_AUTORELEASING = YES;
				CLANG_WARN_BOOL_CONVERSION = YES;
				CLANG_WARN_COMMA = YES;
				CLANG_WARN_CONSTANT_CONVERSION = YES;
				CLANG_WARN_DEPRECATED_OBJC_IMPLEMENTATIONS = YES;
				CLANG_WARN_DIRECT_OBJC_ISA_USAGE = YES_ERROR;
				CLANG_WARN_DOCUMENTATION_COMMENTS = YES;
				CLANG_WARN_EMPTY_BODY = YES;
				CLANG_WARN_ENUM_CONVERSION = YES;
				CLANG_WARN_INFINITE_RECURSION = YES;
				CLANG_WARN_INT_CONVERSION = YES;
				CLANG_WARN_NON_LITERAL_NULL_CONVERSION = YES;
				CLANG_WARN_OBJC_IMPLICIT_RETAIN_SELF = YES;
				CLANG_WARN_OBJC_LITERAL_CONVERSION = YES;
				CLANG_WARN_OBJC_ROOT_CLASS = YES_ERROR;
				CLANG_WARN_QUOTED_INCLUDE_IN_FRAMEWORK_HEADER = YES;
				CLANG_WARN_RANGE_LOOP_ANALYSIS = YES;
				CLANG_WARN_STRICT_PROTOTYPES = YES;
				CLANG_WARN_SUSPICIOUS_MOVE = YES;
				CLANG_WARN_UNGUARDED_AVAILABILITY = YES_AGGRESSIVE;
				CLANG_WARN_UNREACHABLE_CODE = YES;
				CLANG_WARN__DUPLICATE_METHOD_MATCH = YES;
				COPY_PHASE_STRIP = NO;
				DEBUG_INFORMATION_FORMAT = "dwarf-with-dsym";
				ENABLE_NS_ASSERTIONS = NO;
				ENABLE_STRICT_OBJC_MSGSEND = YES;
				ENABLE_USER_SCRIPT_SANDBOXING = YES;
				GCC_C_LANGUAGE_STANDARD = gnu17;
				GCC_NO_COMMON_BLOCKS = YES;
				GCC_WARN_64_TO_32_BIT_CONVERSION = YES;
				GCC_WARN_ABOUT_RETURN_TYPE = YES_ERROR;
				GCC_WARN_UNDECLARED_SELECTOR = YES;
				GCC_WARN_UNINITIALIZED_AUTOS = YES_AGGRESSIVE;
				GCC_WARN_UNUSED_FUNCTION = YES;
				GCC_WARN_UNUSED_VARIABLE = YES;
				IPHONEOS_DEPLOYMENT_TARGET = 18.2;
				LOCALIZATION_PREFERS_STRING_CATALOGS = YES;
				MTL_ENABLE_DEBUG_INFO = NO;
				MTL_FAST_MATH = YES;
				SDKROOT = iphoneos;
				SWIFT_COMPILATION_MODE = wholemodule;
				VALIDATE_PRODUCT = YES;
			};
			name = Release;
		};
		9B61AF992DBDBE9B006B36BC /* Debug */ = {
			isa = XCBuildConfiguration;
			buildSettings = {
				ASSETCATALOG_COMPILER_APPICON_NAME = AppIcon;
				ASSETCATALOG_COMPILER_GLOBAL_ACCENT_COLOR_NAME = AccentColor;
				CODE_SIGN_STYLE = Automatic;
				CURRENT_PROJECT_VERSION = 1;
				DEVELOPMENT_ASSET_PATHS = "\"HackChallenge/Preview Content\"";
				ENABLE_PREVIEWS = YES;
				GENERATE_INFOPLIST_FILE = YES;
				INFOPLIST_KEY_UIApplicationSceneManifest_Generation = YES;
				INFOPLIST_KEY_UIApplicationSupportsIndirectInputEvents = YES;
				INFOPLIST_KEY_UILaunchScreen_Generation = YES;
				INFOPLIST_KEY_UISupportedInterfaceOrientations_iPad = "UIInterfaceOrientationPortrait UIInterfaceOrientationPortraitUpsideDown UIInterfaceOrientationLandscapeLeft UIInterfaceOrientationLandscapeRight";
				INFOPLIST_KEY_UISupportedInterfaceOrientations_iPhone = "UIInterfaceOrientationPortrait UIInterfaceOrientationLandscapeLeft UIInterfaceOrientationLandscapeRight";
				LD_RUNPATH_SEARCH_PATHS = (
					"$(inherited)",
					"@executable_path/Frameworks",
				);
				MARKETING_VERSION = 1.0;
				PRODUCT_BUNDLE_IDENTIFIER = Appdev.HackChallenge;
				PRODUCT_NAME = "$(TARGET_NAME)";
				SWIFT_EMIT_LOC_STRINGS = YES;
				SWIFT_VERSION = 5.0;
				TARGETED_DEVICE_FAMILY = "1,2";
			};
			name = Debug;
		};
		9B61AF9A2DBDBE9B006B36BC /* Release */ = {
			isa = XCBuildConfiguration;
			buildSettings = {
				ASSETCATALOG_COMPILER_APPICON_NAME = AppIcon;
				ASSETCATALOG_COMPILER_GLOBAL_ACCENT_COLOR_NAME = AccentColor;
				CODE_SIGN_STYLE = Automatic;
				CURRENT_PROJECT_VERSION = 1;
				DEVELOPMENT_ASSET_PATHS = "\"HackChallenge/Preview Content\"";
				ENABLE_PREVIEWS = YES;
				GENERATE_INFOPLIST_FILE = YES;
				INFOPLIST_KEY_UIApplicationSceneManifest_Generation = YES;
				INFOPLIST_KEY_UIApplicationSupportsIndirectInputEvents = YES;
				INFOPLIST_KEY_UILaunchScreen_Generation = YES;
				INFOPLIST_KEY_UISupportedInterfaceOrientations_iPad = "UIInterfaceOrientationPortrait UIInterfaceOrientationPortraitUpsideDown UIInterfaceOrientationLandscapeLeft UIInterfaceOrientationLandscapeRight";
				INFOPLIST_KEY_UISupportedInterfaceOrientations_iPhone = "UIInterfaceOrientationPortrait UIInterfaceOrientationLandscapeLeft UIInterfaceOrientationLandscapeRight";
				LD_RUNPATH_SEARCH_PATHS = (
					"$(inherited)",
					"@executable_path/Frameworks",
				);
				MARKETING_VERSION = 1.0;
				PRODUCT_BUNDLE_IDENTIFIER = Appdev.HackChallenge;
				PRODUCT_NAME = "$(TARGET_NAME)";
				SWIFT_EMIT_LOC_STRINGS = YES;
				SWIFT_VERSION = 5.0;
				TARGETED_DEVICE_FAMILY = "1,2";
			};
			name = Release;
		};
		9B61AF9C2DBDBE9B006B36BC /* Debug */ = {
			isa = XCBuildConfiguration;
			buildSettings = {
				BUNDLE_LOADER = "$(TEST_HOST)";
				CODE_SIGN_STYLE = Automatic;
				CURRENT_PROJECT_VERSION = 1;
				GENERATE_INFOPLIST_FILE = YES;
				IPHONEOS_DEPLOYMENT_TARGET = 18.2;
				MARKETING_VERSION = 1.0;
				PRODUCT_BUNDLE_IDENTIFIER = Appdev.HackChallengeTests;
				PRODUCT_NAME = "$(TARGET_NAME)";
				SWIFT_EMIT_LOC_STRINGS = NO;
				SWIFT_VERSION = 5.0;
				TARGETED_DEVICE_FAMILY = "1,2";
				TEST_HOST = "$(BUILT_PRODUCTS_DIR)/HackChallenge.app/$(BUNDLE_EXECUTABLE_FOLDER_PATH)/HackChallenge";
			};
			name = Debug;
		};
		9B61AF9D2DBDBE9B006B36BC /* Release */ = {
			isa = XCBuildConfiguration;
			buildSettings = {
				BUNDLE_LOADER = "$(TEST_HOST)";
				CODE_SIGN_STYLE = Automatic;
				CURRENT_PROJECT_VERSION = 1;
				GENERATE_INFOPLIST_FILE = YES;
				IPHONEOS_DEPLOYMENT_TARGET = 18.2;
				MARKETING_VERSION = 1.0;
				PRODUCT_BUNDLE_IDENTIFIER = Appdev.HackChallengeTests;
				PRODUCT_NAME = "$(TARGET_NAME)";
				SWIFT_EMIT_LOC_STRINGS = NO;
				SWIFT_VERSION = 5.0;
				TARGETED_DEVICE_FAMILY = "1,2";
				TEST_HOST = "$(BUILT_PRODUCTS_DIR)/HackChallenge.app/$(BUNDLE_EXECUTABLE_FOLDER_PATH)/HackChallenge";
			};
			name = Release;
		};
		9B61AF9F2DBDBE9B006B36BC /* Debug */ = {
			isa = XCBuildConfiguration;
			buildSettings = {
				CODE_SIGN_STYLE = Automatic;
				CURRENT_PROJECT_VERSION = 1;
				GENERATE_INFOPLIST_FILE = YES;
				MARKETING_VERSION = 1.0;
				PRODUCT_BUNDLE_IDENTIFIER = Appdev.HackChallengeUITests;
				PRODUCT_NAME = "$(TARGET_NAME)";
				SWIFT_EMIT_LOC_STRINGS = NO;
				SWIFT_VERSION = 5.0;
				TARGETED_DEVICE_FAMILY = "1,2";
				TEST_TARGET_NAME = HackChallenge;
			};
			name = Debug;
		};
		9B61AFA02DBDBE9B006B36BC /* Release */ = {
			isa = XCBuildConfiguration;
			buildSettings = {
				CODE_SIGN_STYLE = Automatic;
				CURRENT_PROJECT_VERSION = 1;
				GENERATE_INFOPLIST_FILE = YES;
				MARKETING_VERSION = 1.0;
				PRODUCT_BUNDLE_IDENTIFIER = Appdev.HackChallengeUITests;
				PRODUCT_NAME = "$(TARGET_NAME)";
				SWIFT_EMIT_LOC_STRINGS = NO;
				SWIFT_VERSION = 5.0;
				TARGETED_DEVICE_FAMILY = "1,2";
				TEST_TARGET_NAME = HackChallenge;
			};
			name = Release;
		};
/* End XCBuildConfiguration section */

/* Begin XCConfigurationList section */
		9B61AF6F2DBDBE98006B36BC /* Build configuration list for PBXProject "HackChallenge" */ = {
			isa = XCConfigurationList;
			buildConfigurations = (
				9B61AF962DBDBE9B006B36BC /* Debug */,
				9B61AF972DBDBE9B006B36BC /* Release */,
			);
			defaultConfigurationIsVisible = 0;
			defaultConfigurationName = Release;
		};
		9B61AF982DBDBE9B006B36BC /* Build configuration list for PBXNativeTarget "HackChallenge" */ = {
			isa = XCConfigurationList;
			buildConfigurations = (
				9B61AF992DBDBE9B006B36BC /* Debug */,
				9B61AF9A2DBDBE9B006B36BC /* Release */,
			);
			defaultConfigurationIsVisible = 0;
			defaultConfigurationName = Release;
		};
		9B61AF9B2DBDBE9B006B36BC /* Build configuration list for PBXNativeTarget "HackChallengeTests" */ = {
			isa = XCConfigurationList;
			buildConfigurations = (
				9B61AF9C2DBDBE9B006B36BC /* Debug */,
				9B61AF9D2DBDBE9B006B36BC /* Release */,
			);
			defaultConfigurationIsVisible = 0;
			defaultConfigurationName = Release;
		};
		9B61AF9E2DBDBE9B006B36BC /* Build configuration list for PBXNativeTarget "HackChallengeUITests" */ = {
			isa = XCConfigurationList;
			buildConfigurations = (
				9B61AF9F2DBDBE9B006B36BC /* Debug */,
				9B61AFA02DBDBE9B006B36BC /* Release */,
			);
			defaultConfigurationIsVisible = 0;
			defaultConfigurationName = Release;
		};
/* End XCConfigurationList section */

/* Begin XCRemoteSwiftPackageReference section */
		9BEE5DE52DC4F75600FF402B /* XCRemoteSwiftPackageReference "Alamofire" */ = {
			isa = XCRemoteSwiftPackageReference;
			repositoryURL = "https://github.com/Alamofire/Alamofire.git";
			requirement = {
				kind = upToNextMajorVersion;
				minimumVersion = 5.10.2;
			};
		};
/* End XCRemoteSwiftPackageReference section */

/* Begin XCSwiftPackageProductDependency section */
		9BEE5DE72DC4F78100FF402B /* Alamofire */ = {
			isa = XCSwiftPackageProductDependency;
			package = 9BEE5DE52DC4F75600FF402B /* XCRemoteSwiftPackageReference "Alamofire" */;
			productName = Alamofire;
		};
/* End XCSwiftPackageProductDependency section */
	};
	rootObject = 9B61AF6C2DBDBE98006B36BC /* Project object */;
}
