// !$*UTF8*$!
{
	archiveVersion = 1;
	classes = {
	};
	objectVersion = 77;
	objects = {

/* Begin PBXBuildFile section */
		9B61AF592DB972B9006B36BC /* Alamofire in Frameworks */ = {isa = PBXBuildFile; productRef = 9B61AF582DB972B9006B36BC /* Alamofire */; };
/* End PBXBuildFile section */

/* Begin PBXContainerItemProxy section */
		9B61AF082DB94E46006B36BC /* PBXContainerItemProxy */ = {
			isa = PBXContainerItemProxy;
			containerPortal = 9B61AEEF2DB94E44006B36BC /* Project object */;
			proxyType = 1;
			remoteGlobalIDString = 9B61AEF62DB94E44006B36BC;
			remoteInfo = A4;
		};
		9B61AF122DB94E46006B36BC /* PBXContainerItemProxy */ = {
			isa = PBXContainerItemProxy;
			containerPortal = 9B61AEEF2DB94E44006B36BC /* Project object */;
			proxyType = 1;
			remoteGlobalIDString = 9B61AEF62DB94E44006B36BC;
			remoteInfo = A4;
		};
/* End PBXContainerItemProxy section */

/* Begin PBXFileReference section */
		9B61AEF72DB94E44006B36BC /* A4.app */ = {isa = PBXFileReference; explicitFileType = wrapper.application; includeInIndex = 0; path = A4.app; sourceTree = BUILT_PRODUCTS_DIR; };
		9B61AF072DB94E46006B36BC /* A4Tests.xctest */ = {isa = PBXFileReference; explicitFileType = wrapper.cfbundle; includeInIndex = 0; path = A4Tests.xctest; sourceTree = BUILT_PRODUCTS_DIR; };
		9B61AF112DB94E46006B36BC /* A4UITests.xctest */ = {isa = PBXFileReference; explicitFileType = wrapper.cfbundle; includeInIndex = 0; path = A4UITests.xctest; sourceTree = BUILT_PRODUCTS_DIR; };
/* End PBXFileReference section */

/* Begin PBXFileSystemSynchronizedBuildFileExceptionSet section */
		9B61AF652DB987EF006B36BC /* Exceptions for "A4" folder in "A4" target */ = {
			isa = PBXFileSystemSynchronizedBuildFileExceptionSet;
			membershipExceptions = (
				Info.plist,
			);
			target = 9B61AEF62DB94E44006B36BC /* A4 */;
		};
/* End PBXFileSystemSynchronizedBuildFileExceptionSet section */

/* Begin PBXFileSystemSynchronizedRootGroup section */
		9B61AEF92DB94E44006B36BC /* A4 */ = {
			isa = PBXFileSystemSynchronizedRootGroup;
			exceptions = (
				9B61AF652DB987EF006B36BC /* Exceptions for "A4" folder in "A4" target */,
			);
			path = A4;
			sourceTree = "<group>";
		};
		9B61AF0A2DB94E46006B36BC /* A4Tests */ = {
			isa = PBXFileSystemSynchronizedRootGroup;
			path = A4Tests;
			sourceTree = "<group>";
		};
		9B61AF142DB94E46006B36BC /* A4UITests */ = {
			isa = PBXFileSystemSynchronizedRootGroup;
			path = A4UITests;
			sourceTree = "<group>";
		};
/* End PBXFileSystemSynchronizedRootGroup section */

/* Begin PBXFrameworksBuildPhase section */
		9B61AEF42DB94E44006B36BC /* Frameworks */ = {
			isa = PBXFrameworksBuildPhase;
			buildActionMask = 2147483647;
			files = (
				9B61AF592DB972B9006B36BC /* Alamofire in Frameworks */,
			);
			runOnlyForDeploymentPostprocessing = 0;
		};
		9B61AF042DB94E46006B36BC /* Frameworks */ = {
			isa = PBXFrameworksBuildPhase;
			buildActionMask = 2147483647;
			files = (
			);
			runOnlyForDeploymentPostprocessing = 0;
		};
		9B61AF0E2DB94E46006B36BC /* Frameworks */ = {
			isa = PBXFrameworksBuildPhase;
			buildActionMask = 2147483647;
			files = (
			);
			runOnlyForDeploymentPostprocessing = 0;
		};
/* End PBXFrameworksBuildPhase section */

/* Begin PBXGroup section */
		9B61AEEE2DB94E44006B36BC = {
			isa = PBXGroup;
			children = (
				9B61AEF92DB94E44006B36BC /* A4 */,
				9B61AF0A2DB94E46006B36BC /* A4Tests */,
				9B61AF142DB94E46006B36BC /* A4UITests */,
				9B61AF572DB972B9006B36BC /* Frameworks */,
				9B61AEF82DB94E44006B36BC /* Products */,
			);
			sourceTree = "<group>";
		};
		9B61AEF82DB94E44006B36BC /* Products */ = {
			isa = PBXGroup;
			children = (
				9B61AEF72DB94E44006B36BC /* A4.app */,
				9B61AF072DB94E46006B36BC /* A4Tests.xctest */,
				9B61AF112DB94E46006B36BC /* A4UITests.xctest */,
			);
			name = Products;
			sourceTree = "<group>";
		};
		9B61AF572DB972B9006B36BC /* Frameworks */ = {
			isa = PBXGroup;
			children = (
			);
			name = Frameworks;
			sourceTree = "<group>";
		};
/* End PBXGroup section */

/* Begin PBXNativeTarget section */
		9B61AEF62DB94E44006B36BC /* A4 */ = {
			isa = PBXNativeTarget;
			buildConfigurationList = 9B61AF1B2DB94E46006B36BC /* Build configuration list for PBXNativeTarget "A4" */;
			buildPhases = (
				9B61AEF32DB94E44006B36BC /* Sources */,
				9B61AEF42DB94E44006B36BC /* Frameworks */,
				9B61AEF52DB94E44006B36BC /* Resources */,
			);
			buildRules = (
			);
			dependencies = (
			);
			fileSystemSynchronizedGroups = (
				9B61AEF92DB94E44006B36BC /* A4 */,
			);
			name = A4;
			packageProductDependencies = (
				9B61AF582DB972B9006B36BC /* Alamofire */,
			);
			productName = A4;
			productReference = 9B61AEF72DB94E44006B36BC /* A4.app */;
			productType = "com.apple.product-type.application";
		};
		9B61AF062DB94E46006B36BC /* A4Tests */ = {
			isa = PBXNativeTarget;
			buildConfigurationList = 9B61AF1E2DB94E46006B36BC /* Build configuration list for PBXNativeTarget "A4Tests" */;
			buildPhases = (
				9B61AF032DB94E46006B36BC /* Sources */,
				9B61AF042DB94E46006B36BC /* Frameworks */,
				9B61AF052DB94E46006B36BC /* Resources */,
			);
			buildRules = (
			);
			dependencies = (
				9B61AF092DB94E46006B36BC /* PBXTargetDependency */,
			);
			fileSystemSynchronizedGroups = (
				9B61AF0A2DB94E46006B36BC /* A4Tests */,
			);
			name = A4Tests;
			packageProductDependencies = (
			);
			productName = A4Tests;
			productReference = 9B61AF072DB94E46006B36BC /* A4Tests.xctest */;
			productType = "com.apple.product-type.bundle.unit-test";
		};
		9B61AF102DB94E46006B36BC /* A4UITests */ = {
			isa = PBXNativeTarget;
			buildConfigurationList = 9B61AF212DB94E46006B36BC /* Build configuration list for PBXNativeTarget "A4UITests" */;
			buildPhases = (
				9B61AF0D2DB94E46006B36BC /* Sources */,
				9B61AF0E2DB94E46006B36BC /* Frameworks */,
				9B61AF0F2DB94E46006B36BC /* Resources */,
			);
			buildRules = (
			);
			dependencies = (
				9B61AF132DB94E46006B36BC /* PBXTargetDependency */,
			);
			fileSystemSynchronizedGroups = (
				9B61AF142DB94E46006B36BC /* A4UITests */,
			);
			name = A4UITests;
			packageProductDependencies = (
			);
			productName = A4UITests;
			productReference = 9B61AF112DB94E46006B36BC /* A4UITests.xctest */;
			productType = "com.apple.product-type.bundle.ui-testing";
		};
/* End PBXNativeTarget section */

/* Begin PBXProject section */
		9B61AEEF2DB94E44006B36BC /* Project object */ = {
			isa = PBXProject;
			attributes = {
				BuildIndependentTargetsInParallel = 1;
				LastSwiftUpdateCheck = 1620;
				LastUpgradeCheck = 1620;
				TargetAttributes = {
					9B61AEF62DB94E44006B36BC = {
						CreatedOnToolsVersion = 16.2;
					};
					9B61AF062DB94E46006B36BC = {
						CreatedOnToolsVersion = 16.2;
						TestTargetID = 9B61AEF62DB94E44006B36BC;
					};
					9B61AF102DB94E46006B36BC = {
						CreatedOnToolsVersion = 16.2;
						TestTargetID = 9B61AEF62DB94E44006B36BC;
					};
				};
			};
			buildConfigurationList = 9B61AEF22DB94E44006B36BC /* Build configuration list for PBXProject "A4" */;
			developmentRegion = en;
			hasScannedForEncodings = 0;
			knownRegions = (
				en,
				Base,
			);
			mainGroup = 9B61AEEE2DB94E44006B36BC;
			minimizedProjectReferenceProxies = 1;
			packageReferences = (
				9B61AF562DB97054006B36BC /* XCRemoteSwiftPackageReference "Alamofire" */,
			);
			preferredProjectObjectVersion = 77;
			productRefGroup = 9B61AEF82DB94E44006B36BC /* Products */;
			projectDirPath = "";
			projectRoot = "";
			targets = (
				9B61AEF62DB94E44006B36BC /* A4 */,
				9B61AF062DB94E46006B36BC /* A4Tests */,
				9B61AF102DB94E46006B36BC /* A4UITests */,
			);
		};
/* End PBXProject section */

/* Begin PBXResourcesBuildPhase section */
		9B61AEF52DB94E44006B36BC /* Resources */ = {
			isa = PBXResourcesBuildPhase;
			buildActionMask = 2147483647;
			files = (
			);
			runOnlyForDeploymentPostprocessing = 0;
		};
		9B61AF052DB94E46006B36BC /* Resources */ = {
			isa = PBXResourcesBuildPhase;
			buildActionMask = 2147483647;
			files = (
			);
			runOnlyForDeploymentPostprocessing = 0;
		};
		9B61AF0F2DB94E46006B36BC /* Resources */ = {
			isa = PBXResourcesBuildPhase;
			buildActionMask = 2147483647;
			files = (
			);
			runOnlyForDeploymentPostprocessing = 0;
		};
/* End PBXResourcesBuildPhase section */

/* Begin PBXSourcesBuildPhase section */
		9B61AEF32DB94E44006B36BC /* Sources */ = {
			isa = PBXSourcesBuildPhase;
			buildActionMask = 2147483647;
			files = (
			);
			runOnlyForDeploymentPostprocessing = 0;
		};
		9B61AF032DB94E46006B36BC /* Sources */ = {
			isa = PBXSourcesBuildPhase;
			buildActionMask = 2147483647;
			files = (
			);
			runOnlyForDeploymentPostprocessing = 0;
		};
		9B61AF0D2DB94E46006B36BC /* Sources */ = {
			isa = PBXSourcesBuildPhase;
			buildActionMask = 2147483647;
			files = (
			);
			runOnlyForDeploymentPostprocessing = 0;
		};
/* End PBXSourcesBuildPhase section */

/* Begin PBXTargetDependency section */
		9B61AF092DB94E46006B36BC /* PBXTargetDependency */ = {
			isa = PBXTargetDependency;
			target = 9B61AEF62DB94E44006B36BC /* A4 */;
			targetProxy = 9B61AF082DB94E46006B36BC /* PBXContainerItemProxy */;
		};
		9B61AF132DB94E46006B36BC /* PBXTargetDependency */ = {
			isa = PBXTargetDependency;
			target = 9B61AEF62DB94E44006B36BC /* A4 */;
			targetProxy = 9B61AF122DB94E46006B36BC /* PBXContainerItemProxy */;
		};
/* End PBXTargetDependency section */

/* Begin XCBuildConfiguration section */
		9B61AF192DB94E46006B36BC /* Debug */ = {
			isa = XCBuildConfiguration;
			buildSettings = {
				ALWAYS_SEARCH_USER_PATHS = NO;
				ASSETCATALOG_COMPILER_GENERATE_SWIFT_ASSET_SYMBOL_EXTENSIONS = YES;
				CLANG_ANALYZER_NONNULL = YES;
				CLANG_ANALYZER_NUMBER_OBJECT_CONVERSION = YES_AGGRESSIVE;
				CLANG_CXX_LANGUAGE_STANDARD = "gnu++20";
				CLANG_ENABLE_MODULES = YES;
				CLANG_ENABLE_OBJC_ARC = YES;
				CLANG_ENABLE_OBJC_WEAK = YES;
				CLANG_WARN_BLOCK_CAPTURE_AUTORELEASING = YES;
				CLANG_WARN_BOOL_CONVERSION = YES;
				CLANG_WARN_COMMA = YES;
				CLANG_WARN_CONSTANT_CONVERSION = YES;
				CLANG_WARN_DEPRECATED_OBJC_IMPLEMENTATIONS = YES;
				CLANG_WARN_DIRECT_OBJC_ISA_USAGE = YES_ERROR;
				CLANG_WARN_DOCUMENTATION_COMMENTS = YES;
				CLANG_WARN_EMPTY_BODY = YES;
				CLANG_WARN_ENUM_CONVERSION = YES;
				CLANG_WARN_INFINITE_RECURSION = YES;
				CLANG_WARN_INT_CONVERSION = YES;
				CLANG_WARN_NON_LITERAL_NULL_CONVERSION = YES;
				CLANG_WARN_OBJC_IMPLICIT_RETAIN_SELF = YES;
				CLANG_WARN_OBJC_LITERAL_CONVERSION = YES;
				CLANG_WARN_OBJC_ROOT_CLASS = YES_ERROR;
				CLANG_WARN_QUOTED_INCLUDE_IN_FRAMEWORK_HEADER = YES;
				CLANG_WARN_RANGE_LOOP_ANALYSIS = YES;
				CLANG_WARN_STRICT_PROTOTYPES = YES;
				CLANG_WARN_SUSPICIOUS_MOVE = YES;
				CLANG_WARN_UNGUARDED_AVAILABILITY = YES_AGGRESSIVE;
				CLANG_WARN_UNREACHABLE_CODE = YES;
				CLANG_WARN__DUPLICATE_METHOD_MATCH = YES;
				COPY_PHASE_STRIP = NO;
				DEBUG_INFORMATION_FORMAT = dwarf;
				ENABLE_STRICT_OBJC_MSGSEND = YES;
				ENABLE_TESTABILITY = YES;
				ENABLE_USER_SCRIPT_SANDBOXING = YES;
				GCC_C_LANGUAGE_STANDARD = gnu17;
				GCC_DYNAMIC_NO_PIC = NO;
				GCC_NO_COMMON_BLOCKS = YES;
				GCC_OPTIMIZATION_LEVEL = 0;
				GCC_PREPROCESSOR_DEFINITIONS = (
					"DEBUG=1",
					"$(inherited)",
				);
				GCC_WARN_64_TO_32_BIT_CONVERSION = YES;
				GCC_WARN_ABOUT_RETURN_TYPE = YES_ERROR;
				GCC_WARN_UNDECLARED_SELECTOR = YES;
				GCC_WARN_UNINITIALIZED_AUTOS = YES_AGGRESSIVE;
				GCC_WARN_UNUSED_FUNCTION = YES;
				GCC_WARN_UNUSED_VARIABLE = YES;
				IPHONEOS_DEPLOYMENT_TARGET = 18.2;
				LOCALIZATION_PREFERS_STRING_CATALOGS = YES;
				MTL_ENABLE_DEBUG_INFO = INCLUDE_SOURCE;
				MTL_FAST_MATH = YES;
				ONLY_ACTIVE_ARCH = YES;
				SDKROOT = iphoneos;
				SWIFT_ACTIVE_COMPILATION_CONDITIONS = "DEBUG $(inherited)";
				SWIFT_OPTIMIZATION_LEVEL = "-Onone";
			};
			name = Debug;
		};
		9B61AF1A2DB94E46006B36BC /* Release */ = {
			isa = XCBuildConfiguration;
			buildSettings = {
				ALWAYS_SEARCH_USER_PATHS = NO;
				ASSETCATALOG_COMPILER_GENERATE_SWIFT_ASSET_SYMBOL_EXTENSIONS = YES;
				CLANG_ANALYZER_NONNULL = YES;
				CLANG_ANALYZER_NUMBER_OBJECT_CONVERSION = YES_AGGRESSIVE;
				CLANG_CXX_LANGUAGE_STANDARD = "gnu++20";
				CLANG_ENABLE_MODULES = YES;
				CLANG_ENABLE_OBJC_ARC = YES;
				CLANG_ENABLE_OBJC_WEAK = YES;
				CLANG_WARN_BLOCK_CAPTURE_AUTORELEASING = YES;
				CLANG_WARN_BOOL_CONVERSION = YES;
				CLANG_WARN_COMMA = YES;
				CLANG_WARN_CONSTANT_CONVERSION = YES;
				CLANG_WARN_DEPRECATED_OBJC_IMPLEMENTATIONS = YES;
				CLANG_WARN_DIRECT_OBJC_ISA_USAGE = YES_ERROR;
				CLANG_WARN_DOCUMENTATION_COMMENTS = YES;
				CLANG_WARN_EMPTY_BODY = YES;
				CLANG_WARN_ENUM_CONVERSION = YES;
				CLANG_WARN_INFINITE_RECURSION = YES;
				CLANG_WARN_INT_CONVERSION = YES;
				CLANG_WARN_NON_LITERAL_NULL_CONVERSION = YES;
				CLANG_WARN_OBJC_IMPLICIT_RETAIN_SELF = YES;
				CLANG_WARN_OBJC_LITERAL_CONVERSION = YES;
				CLANG_WARN_OBJC_ROOT_CLASS = YES_ERROR;
				CLANG_WARN_QUOTED_INCLUDE_IN_FRAMEWORK_HEADER = YES;
				CLANG_WARN_RANGE_LOOP_ANALYSIS = YES;
				CLANG_WARN_STRICT_PROTOTYPES = YES;
				CLANG_WARN_SUSPICIOUS_MOVE = YES;
				CLANG_WARN_UNGUARDED_AVAILABILITY = YES_AGGRESSIVE;
				CLANG_WARN_UNREACHABLE_CODE = YES;
				CLANG_WARN__DUPLICATE_METHOD_MATCH = YES;
				COPY_PHASE_STRIP = NO;
				DEBUG_INFORMATION_FORMAT = "dwarf-with-dsym";
				ENABLE_NS_ASSERTIONS = NO;
				ENABLE_STRICT_OBJC_MSGSEND = YES;
				ENABLE_USER_SCRIPT_SANDBOXING = YES;
				GCC_C_LANGUAGE_STANDARD = gnu17;
				GCC_NO_COMMON_BLOCKS = YES;
				GCC_WARN_64_TO_32_BIT_CONVERSION = YES;
				GCC_WARN_ABOUT_RETURN_TYPE = YES_ERROR;
				GCC_WARN_UNDECLARED_SELECTOR = YES;
				GCC_WARN_UNINITIALIZED_AUTOS = YES_AGGRESSIVE;
				GCC_WARN_UNUSED_FUNCTION = YES;
				GCC_WARN_UNUSED_VARIABLE = YES;
				IPHONEOS_DEPLOYMENT_TARGET = 18.2;
				LOCALIZATION_PREFERS_STRING_CATALOGS = YES;
				MTL_ENABLE_DEBUG_INFO = NO;
				MTL_FAST_MATH = YES;
				SDKROOT = iphoneos;
				SWIFT_COMPILATION_MODE = wholemodule;
				VALIDATE_PRODUCT = YES;
			};
			name = Release;
		};
		9B61AF1C2DB94E46006B36BC /* Debug */ = {
			isa = XCBuildConfiguration;
			buildSettings = {
				ASSETCATALOG_COMPILER_APPICON_NAME = AppIcon;
				ASSETCATALOG_COMPILER_GLOBAL_ACCENT_COLOR_NAME = AccentColor;
				CODE_SIGN_STYLE = Automatic;
				CURRENT_PROJECT_VERSION = 1;
				DEVELOPMENT_ASSET_PATHS = "\"A4/Preview Content\"";
				ENABLE_PREVIEWS = YES;
				GENERATE_INFOPLIST_FILE = YES;
				INFOPLIST_KEY_UIApplicationSceneManifest_Generation = YES;
				INFOPLIST_KEY_UIApplicationSupportsIndirectInputEvents = YES;
				INFOPLIST_KEY_UILaunchScreen_Generation = YES;
				INFOPLIST_KEY_UISupportedInterfaceOrientations_iPad = "UIInterfaceOrientationPortrait UIInterfaceOrientationPortraitUpsideDown UIInterfaceOrientationLandscapeLeft UIInterfaceOrientationLandscapeRight";
				INFOPLIST_KEY_UISupportedInterfaceOrientations_iPhone = "UIInterfaceOrientationPortrait UIInterfaceOrientationLandscapeLeft UIInterfaceOrientationLandscapeRight";
				LD_RUNPATH_SEARCH_PATHS = (
					"$(inherited)",
					"@executable_path/Frameworks",
				);
				MARKETING_VERSION = 1.0;
				PRODUCT_BUNDLE_IDENTIFIER = Appdev.A4;
				PRODUCT_NAME = "$(TARGET_NAME)";
				SWIFT_EMIT_LOC_STRINGS = YES;
				SWIFT_VERSION = 5.0;
				TARGETED_DEVICE_FAMILY = "1,2";
			};
			name = Debug;
		};
		9B61AF1D2DB94E46006B36BC /* Release */ = {
			isa = XCBuildConfiguration;
			buildSettings = {
				ASSETCATALOG_COMPILER_APPICON_NAME = AppIcon;
				ASSETCATALOG_COMPILER_GLOBAL_ACCENT_COLOR_NAME = AccentColor;
				CODE_SIGN_STYLE = Automatic;
				CURRENT_PROJECT_VERSION = 1;
				DEVELOPMENT_ASSET_PATHS = "\"A4/Preview Content\"";
				ENABLE_PREVIEWS = YES;
				GENERATE_INFOPLIST_FILE = YES;
				INFOPLIST_KEY_UIApplicationSceneManifest_Generation = YES;
				INFOPLIST_KEY_UIApplicationSupportsIndirectInputEvents = YES;
				INFOPLIST_KEY_UILaunchScreen_Generation = YES;
				INFOPLIST_KEY_UISupportedInterfaceOrientations_iPad = "UIInterfaceOrientationPortrait UIInterfaceOrientationPortraitUpsideDown UIInterfaceOrientationLandscapeLeft UIInterfaceOrientationLandscapeRight";
				INFOPLIST_KEY_UISupportedInterfaceOrientations_iPhone = "UIInterfaceOrientationPortrait UIInterfaceOrientationLandscapeLeft UIInterfaceOrientationLandscapeRight";
				LD_RUNPATH_SEARCH_PATHS = (
					"$(inherited)",
					"@executable_path/Frameworks",
				);
				MARKETING_VERSION = 1.0;
				PRODUCT_BUNDLE_IDENTIFIER = Appdev.A4;
				PRODUCT_NAME = "$(TARGET_NAME)";
				SWIFT_EMIT_LOC_STRINGS = YES;
				SWIFT_VERSION = 5.0;
				TARGETED_DEVICE_FAMILY = "1,2";
			};
			name = Release;
		};
		9B61AF1F2DB94E46006B36BC /* Debug */ = {
			isa = XCBuildConfiguration;
			buildSettings = {
				BUNDLE_LOADER = "$(TEST_HOST)";
				CODE_SIGN_STYLE = Automatic;
				CURRENT_PROJECT_VERSION = 1;
				GENERATE_INFOPLIST_FILE = YES;
				IPHONEOS_DEPLOYMENT_TARGET = 18.2;
				MARKETING_VERSION = 1.0;
				PRODUCT_BUNDLE_IDENTIFIER = Appdev.A4Tests;
				PRODUCT_NAME = "$(TARGET_NAME)";
				SWIFT_EMIT_LOC_STRINGS = NO;
				SWIFT_VERSION = 5.0;
				TARGETED_DEVICE_FAMILY = "1,2";
				TEST_HOST = "$(BUILT_PRODUCTS_DIR)/A4.app/$(BUNDLE_EXECUTABLE_FOLDER_PATH)/A4";
			};
			name = Debug;
		};
		9B61AF202DB94E46006B36BC /* Release */ = {
			isa = XCBuildConfiguration;
			buildSettings = {
				BUNDLE_LOADER = "$(TEST_HOST)";
				CODE_SIGN_STYLE = Automatic;
				CURRENT_PROJECT_VERSION = 1;
				GENERATE_INFOPLIST_FILE = YES;
				IPHONEOS_DEPLOYMENT_TARGET = 18.2;
				MARKETING_VERSION = 1.0;
				PRODUCT_BUNDLE_IDENTIFIER = Appdev.A4Tests;
				PRODUCT_NAME = "$(TARGET_NAME)";
				SWIFT_EMIT_LOC_STRINGS = NO;
				SWIFT_VERSION = 5.0;
				TARGETED_DEVICE_FAMILY = "1,2";
				TEST_HOST = "$(BUILT_PRODUCTS_DIR)/A4.app/$(BUNDLE_EXECUTABLE_FOLDER_PATH)/A4";
			};
			name = Release;
		};
		9B61AF222DB94E46006B36BC /* Debug */ = {
			isa = XCBuildConfiguration;
			buildSettings = {
				CODE_SIGN_STYLE = Automatic;
				CURRENT_PROJECT_VERSION = 1;
				GENERATE_INFOPLIST_FILE = YES;
				MARKETING_VERSION = 1.0;
				PRODUCT_BUNDLE_IDENTIFIER = Appdev.A4UITests;
				PRODUCT_NAME = "$(TARGET_NAME)";
				SWIFT_EMIT_LOC_STRINGS = NO;
				SWIFT_VERSION = 5.0;
				TARGETED_DEVICE_FAMILY = "1,2";
				TEST_TARGET_NAME = A4;
			};
			name = Debug;
		};
		9B61AF232DB94E46006B36BC /* Release */ = {
			isa = XCBuildConfiguration;
			buildSettings = {
				CODE_SIGN_STYLE = Automatic;
				CURRENT_PROJECT_VERSION = 1;
				GENERATE_INFOPLIST_FILE = YES;
				MARKETING_VERSION = 1.0;
				PRODUCT_BUNDLE_IDENTIFIER = Appdev.A4UITests;
				PRODUCT_NAME = "$(TARGET_NAME)";
				SWIFT_EMIT_LOC_STRINGS = NO;
				SWIFT_VERSION = 5.0;
				TARGETED_DEVICE_FAMILY = "1,2";
				TEST_TARGET_NAME = A4;
			};
			name = Release;
		};
/* End XCBuildConfiguration section */

/* Begin XCConfigurationList section */
		9B61AEF22DB94E44006B36BC /* Build configuration list for PBXProject "A4" */ = {
			isa = XCConfigurationList;
			buildConfigurations = (
				9B61AF192DB94E46006B36BC /* Debug */,
				9B61AF1A2DB94E46006B36BC /* Release */,
			);
			defaultConfigurationIsVisible = 0;
			defaultConfigurationName = Release;
		};
		9B61AF1B2DB94E46006B36BC /* Build configuration list for PBXNativeTarget "A4" */ = {
			isa = XCConfigurationList;
			buildConfigurations = (
				9B61AF1C2DB94E46006B36BC /* Debug */,
				9B61AF1D2DB94E46006B36BC /* Release */,
			);
			defaultConfigurationIsVisible = 0;
			defaultConfigurationName = Release;
		};
		9B61AF1E2DB94E46006B36BC /* Build configuration list for PBXNativeTarget "A4Tests" */ = {
			isa = XCConfigurationList;
			buildConfigurations = (
				9B61AF1F2DB94E46006B36BC /* Debug */,
				9B61AF202DB94E46006B36BC /* Release */,
			);
			defaultConfigurationIsVisible = 0;
			defaultConfigurationName = Release;
		};
		9B61AF212DB94E46006B36BC /* Build configuration list for PBXNativeTarget "A4UITests" */ = {
			isa = XCConfigurationList;
			buildConfigurations = (
				9B61AF222DB94E46006B36BC /* Debug */,
				9B61AF232DB94E46006B36BC /* Release */,
			);
			defaultConfigurationIsVisible = 0;
			defaultConfigurationName = Release;
		};
/* End XCConfigurationList section */

/* Begin XCRemoteSwiftPackageReference section */
		9B61AF562DB97054006B36BC /* XCRemoteSwiftPackageReference "Alamofire" */ = {
			isa = XCRemoteSwiftPackageReference;
			repositoryURL = "https://github.com/Alamofire/Alamofire.git";
			requirement = {
				kind = upToNextMajorVersion;
				minimumVersion = 5.10.2;
			};
		};
/* End XCRemoteSwiftPackageReference section */

/* Begin XCSwiftPackageProductDependency section */
		9B61AF582DB972B9006B36BC /* Alamofire */ = {
			isa = XCSwiftPackageProductDependency;
			package = 9B61AF562DB97054006B36BC /* XCRemoteSwiftPackageReference "Alamofire" */;
			productName = Alamofire;
		};
/* End XCSwiftPackageProductDependency section */
	};
	rootObject = 9B61AEEF2DB94E44006B36BC /* Project object */;
}
